// !$*UTF8*$!
{
	archiveVersion = 1;
	classes = {
	};
	objectVersion = 50;
	objects = {

/* Begin PBXBuildFile section */
		B25D3B4623D46379008E16D7 /* AppDelegate.swift in Sources */ = {isa = PBXBuildFile; fileRef = B25D3B4523D46379008E16D7 /* AppDelegate.swift */; };
		B25D3B4823D46379008E16D7 /* SceneDelegate.swift in Sources */ = {isa = PBXBuildFile; fileRef = B25D3B4723D46379008E16D7 /* SceneDelegate.swift */; };
		B25D3B4A23D46379008E16D7 /* ViewController.swift in Sources */ = {isa = PBXBuildFile; fileRef = B25D3B4923D46379008E16D7 /* ViewController.swift */; };
		B25D3B4D23D46379008E16D7 /* Main.storyboard in Resources */ = {isa = PBXBuildFile; fileRef = B25D3B4B23D46379008E16D7 /* Main.storyboard */; };
		B25D3B4F23D4637D008E16D7 /* Assets.xcassets in Resources */ = {isa = PBXBuildFile; fileRef = B25D3B4E23D4637D008E16D7 /* Assets.xcassets */; };
		B25D3B5223D4637D008E16D7 /* LaunchScreen.storyboard in Resources */ = {isa = PBXBuildFile; fileRef = B25D3B5023D4637D008E16D7 /* LaunchScreen.storyboard */; };
		B25D3B5D23D4637E008E16D7 /* newrecycleTests.swift in Sources */ = {isa = PBXBuildFile; fileRef = B25D3B5C23D4637E008E16D7 /* newrecycleTests.swift */; };
		B25D3B6823D4637E008E16D7 /* newrecycleUITests.swift in Sources */ = {isa = PBXBuildFile; fileRef = B25D3B6723D4637E008E16D7 /* newrecycleUITests.swift */; };
/* End PBXBuildFile section */

/* Begin PBXContainerItemProxy section */
		B25D3B5923D4637E008E16D7 /* PBXContainerItemProxy */ = {
			isa = PBXContainerItemProxy;
			containerPortal = B25D3B3A23D46379008E16D7 /* Project object */;
			proxyType = 1;
			remoteGlobalIDString = B25D3B4123D46379008E16D7;
			remoteInfo = newrecycle;
		};
		B25D3B6423D4637E008E16D7 /* PBXContainerItemProxy */ = {
			isa = PBXContainerItemProxy;
			containerPortal = B25D3B3A23D46379008E16D7 /* Project object */;
			proxyType = 1;
			remoteGlobalIDString = B25D3B4123D46379008E16D7;
			remoteInfo = newrecycle;
		};
/* End PBXContainerItemProxy section */

/* Begin PBXFileReference section */
		B25D3B4223D46379008E16D7 /* newrecycle.app */ = {isa = PBXFileReference; explicitFileType = wrapper.application; includeInIndex = 0; path = newrecycle.app; sourceTree = BUILT_PRODUCTS_DIR; };
		B25D3B4523D46379008E16D7 /* AppDelegate.swift */ = {isa = PBXFileReference; lastKnownFileType = sourcecode.swift; path = AppDelegate.swift; sourceTree = "<group>"; };
		B25D3B4723D46379008E16D7 /* SceneDelegate.swift */ = {isa = PBXFileReference; lastKnownFileType = sourcecode.swift; path = SceneDelegate.swift; sourceTree = "<group>"; };
		B25D3B4923D46379008E16D7 /* ViewController.swift */ = {isa = PBXFileReference; lastKnownFileType = sourcecode.swift; path = ViewController.swift; sourceTree = "<group>"; };
		B25D3B4C23D46379008E16D7 /* Base */ = {isa = PBXFileReference; lastKnownFileType = file.storyboard; name = Base; path = Base.lproj/Main.storyboard; sourceTree = "<group>"; };
		B25D3B4E23D4637D008E16D7 /* Assets.xcassets */ = {isa = PBXFileReference; lastKnownFileType = folder.assetcatalog; path = Assets.xcassets; sourceTree = "<group>"; };
		B25D3B5123D4637D008E16D7 /* Base */ = {isa = PBXFileReference; lastKnownFileType = file.storyboard; name = Base; path = Base.lproj/LaunchScreen.storyboard; sourceTree = "<group>"; };
		B25D3B5323D4637D008E16D7 /* Info.plist */ = {isa = PBXFileReference; lastKnownFileType = text.plist.xml; path = Info.plist; sourceTree = "<group>"; };
		B25D3B5823D4637E008E16D7 /* newrecycleTests.xctest */ = {isa = PBXFileReference; explicitFileType = wrapper.cfbundle; includeInIndex = 0; path = newrecycleTests.xctest; sourceTree = BUILT_PRODUCTS_DIR; };
		B25D3B5C23D4637E008E16D7 /* newrecycleTests.swift */ = {isa = PBXFileReference; lastKnownFileType = sourcecode.swift; path = newrecycleTests.swift; sourceTree = "<group>"; };
		B25D3B5E23D4637E008E16D7 /* Info.plist */ = {isa = PBXFileReference; lastKnownFileType = text.plist.xml; path = Info.plist; sourceTree = "<group>"; };
		B25D3B6323D4637E008E16D7 /* newrecycleUITests.xctest */ = {isa = PBXFileReference; explicitFileType = wrapper.cfbundle; includeInIndex = 0; path = newrecycleUITests.xctest; sourceTree = BUILT_PRODUCTS_DIR; };
		B25D3B6723D4637E008E16D7 /* newrecycleUITests.swift */ = {isa = PBXFileReference; lastKnownFileType = sourcecode.swift; path = newrecycleUITests.swift; sourceTree = "<group>"; };
		B25D3B6923D4637E008E16D7 /* Info.plist */ = {isa = PBXFileReference; lastKnownFileType = text.plist.xml; path = Info.plist; sourceTree = "<group>"; };
/* End PBXFileReference section */

/* Begin PBXFrameworksBuildPhase section */
		B25D3B3F23D46379008E16D7 /* Frameworks */ = {
			isa = PBXFrameworksBuildPhase;
			buildActionMask = 2147483647;
			files = (
			);
			runOnlyForDeploymentPostprocessing = 0;
		};
		B25D3B5523D4637E008E16D7 /* Frameworks */ = {
			isa = PBXFrameworksBuildPhase;
			buildActionMask = 2147483647;
			files = (
			);
			runOnlyForDeploymentPostprocessing = 0;
		};
		B25D3B6023D4637E008E16D7 /* Frameworks */ = {
			isa = PBXFrameworksBuildPhase;
			buildActionMask = 2147483647;
			files = (
			);
			runOnlyForDeploymentPostprocessing = 0;
		};
/* End PBXFrameworksBuildPhase section */

/* Begin PBXGroup section */
		B25D3B3923D46379008E16D7 = {
			isa = PBXGroup;
			children = (
				B25D3B4423D46379008E16D7 /* newrecycle */,
				B25D3B5B23D4637E008E16D7 /* newrecycleTests */,
				B25D3B6623D4637E008E16D7 /* newrecycleUITests */,
				B25D3B4323D46379008E16D7 /* Products */,
			);
			sourceTree = "<group>";
		};
		B25D3B4323D46379008E16D7 /* Products */ = {
			isa = PBXGroup;
			children = (
				B25D3B4223D46379008E16D7 /* newrecycle.app */,
				B25D3B5823D4637E008E16D7 /* newrecycleTests.xctest */,
				B25D3B6323D4637E008E16D7 /* newrecycleUITests.xctest */,
			);
			name = Products;
			sourceTree = "<group>";
		};
		B25D3B4423D46379008E16D7 /* newrecycle */ = {
			isa = PBXGroup;
			children = (
				B25D3B4523D46379008E16D7 /* AppDelegate.swift */,
				B25D3B4723D46379008E16D7 /* SceneDelegate.swift */,
				B25D3B4923D46379008E16D7 /* ViewController.swift */,
				B25D3B4B23D46379008E16D7 /* Main.storyboard */,
				B25D3B4E23D4637D008E16D7 /* Assets.xcassets */,
				B25D3B5023D4637D008E16D7 /* LaunchScreen.storyboard */,
				B25D3B5323D4637D008E16D7 /* Info.plist */,
			);
			path = newrecycle;
			sourceTree = "<group>";
		};
		B25D3B5B23D4637E008E16D7 /* newrecycleTests */ = {
			isa = PBXGroup;
			children = (
				B25D3B5C23D4637E008E16D7 /* newrecycleTests.swift */,
				B25D3B5E23D4637E008E16D7 /* Info.plist */,
			);
			path = newrecycleTests;
			sourceTree = "<group>";
		};
		B25D3B6623D4637E008E16D7 /* newrecycleUITests */ = {
			isa = PBXGroup;
			children = (
				B25D3B6723D4637E008E16D7 /* newrecycleUITests.swift */,
				B25D3B6923D4637E008E16D7 /* Info.plist */,
			);
			path = newrecycleUITests;
			sourceTree = "<group>";
		};
/* End PBXGroup section */

/* Begin PBXNativeTarget section */
		B25D3B4123D46379008E16D7 /* newrecycle */ = {
			isa = PBXNativeTarget;
			buildConfigurationList = B25D3B6C23D4637E008E16D7 /* Build configuration list for PBXNativeTarget "newrecycle" */;
			buildPhases = (
				B25D3B3E23D46379008E16D7 /* Sources */,
				B25D3B3F23D46379008E16D7 /* Frameworks */,
				B25D3B4023D46379008E16D7 /* Resources */,
			);
			buildRules = (
			);
			dependencies = (
			);
			name = newrecycle;
			productName = newrecycle;
			productReference = B25D3B4223D46379008E16D7 /* newrecycle.app */;
			productType = "com.apple.product-type.application";
		};
		B25D3B5723D4637E008E16D7 /* newrecycleTests */ = {
			isa = PBXNativeTarget;
			buildConfigurationList = B25D3B6F23D4637E008E16D7 /* Build configuration list for PBXNativeTarget "newrecycleTests" */;
			buildPhases = (
				B25D3B5423D4637E008E16D7 /* Sources */,
				B25D3B5523D4637E008E16D7 /* Frameworks */,
				B25D3B5623D4637E008E16D7 /* Resources */,
			);
			buildRules = (
			);
			dependencies = (
				B25D3B5A23D4637E008E16D7 /* PBXTargetDependency */,
			);
			name = newrecycleTests;
			productName = newrecycleTests;
			productReference = B25D3B5823D4637E008E16D7 /* newrecycleTests.xctest */;
			productType = "com.apple.product-type.bundle.unit-test";
		};
		B25D3B6223D4637E008E16D7 /* newrecycleUITests */ = {
			isa = PBXNativeTarget;
			buildConfigurationList = B25D3B7223D4637E008E16D7 /* Build configuration list for PBXNativeTarget "newrecycleUITests" */;
			buildPhases = (
				B25D3B5F23D4637E008E16D7 /* Sources */,
				B25D3B6023D4637E008E16D7 /* Frameworks */,
				B25D3B6123D4637E008E16D7 /* Resources */,
			);
			buildRules = (
			);
			dependencies = (
				B25D3B6523D4637E008E16D7 /* PBXTargetDependency */,
			);
			name = newrecycleUITests;
			productName = newrecycleUITests;
			productReference = B25D3B6323D4637E008E16D7 /* newrecycleUITests.xctest */;
			productType = "com.apple.product-type.bundle.ui-testing";
		};
/* End PBXNativeTarget section */

/* Begin PBXProject section */
		B25D3B3A23D46379008E16D7 /* Project object */ = {
			isa = PBXProject;
			attributes = {
				LastSwiftUpdateCheck = 1130;
				LastUpgradeCheck = 1130;
				ORGANIZATIONNAME = "hackathon - cambridge";
				TargetAttributes = {
					B25D3B4123D46379008E16D7 = {
						CreatedOnToolsVersion = 11.3.1;
					};
					B25D3B5723D4637E008E16D7 = {
						CreatedOnToolsVersion = 11.3.1;
						TestTargetID = B25D3B4123D46379008E16D7;
					};
					B25D3B6223D4637E008E16D7 = {
						CreatedOnToolsVersion = 11.3.1;
						TestTargetID = B25D3B4123D46379008E16D7;
					};
				};
			};
			buildConfigurationList = B25D3B3D23D46379008E16D7 /* Build configuration list for PBXProject "newrecycle" */;
			compatibilityVersion = "Xcode 9.3";
			developmentRegion = en;
			hasScannedForEncodings = 0;
			knownRegions = (
				en,
				Base,
			);
			mainGroup = B25D3B3923D46379008E16D7;
			productRefGroup = B25D3B4323D46379008E16D7 /* Products */;
			projectDirPath = "";
			projectRoot = "";
			targets = (
				B25D3B4123D46379008E16D7 /* newrecycle */,
				B25D3B5723D4637E008E16D7 /* newrecycleTests */,
				B25D3B6223D4637E008E16D7 /* newrecycleUITests */,
			);
		};
/* End PBXProject section */

/* Begin PBXResourcesBuildPhase section */
		B25D3B4023D46379008E16D7 /* Resources */ = {
			isa = PBXResourcesBuildPhase;
			buildActionMask = 2147483647;
			files = (
				B25D3B5223D4637D008E16D7 /* LaunchScreen.storyboard in Resources */,
				B25D3B4F23D4637D008E16D7 /* Assets.xcassets in Resources */,
				B25D3B4D23D46379008E16D7 /* Main.storyboard in Resources */,
			);
			runOnlyForDeploymentPostprocessing = 0;
		};
		B25D3B5623D4637E008E16D7 /* Resources */ = {
			isa = PBXResourcesBuildPhase;
			buildActionMask = 2147483647;
			files = (
			);
			runOnlyForDeploymentPostprocessing = 0;
		};
		B25D3B6123D4637E008E16D7 /* Resources */ = {
			isa = PBXResourcesBuildPhase;
			buildActionMask = 2147483647;
			files = (
			);
			runOnlyForDeploymentPostprocessing = 0;
		};
/* End PBXResourcesBuildPhase section */

/* Begin PBXSourcesBuildPhase section */
		B25D3B3E23D46379008E16D7 /* Sources */ = {
			isa = PBXSourcesBuildPhase;
			buildActionMask = 2147483647;
			files = (
				B25D3B4A23D46379008E16D7 /* ViewController.swift in Sources */,
				B25D3B4623D46379008E16D7 /* AppDelegate.swift in Sources */,
				B25D3B4823D46379008E16D7 /* SceneDelegate.swift in Sources */,
			);
			runOnlyForDeploymentPostprocessing = 0;
		};
		B25D3B5423D4637E008E16D7 /* Sources */ = {
			isa = PBXSourcesBuildPhase;
			buildActionMask = 2147483647;
			files = (
				B25D3B5D23D4637E008E16D7 /* newrecycleTests.swift in Sources */,
			);
			runOnlyForDeploymentPostprocessing = 0;
		};
		B25D3B5F23D4637E008E16D7 /* Sources */ = {
			isa = PBXSourcesBuildPhase;
			buildActionMask = 2147483647;
			files = (
				B25D3B6823D4637E008E16D7 /* newrecycleUITests.swift in Sources */,
			);
			runOnlyForDeploymentPostprocessing = 0;
		};
/* End PBXSourcesBuildPhase section */

/* Begin PBXTargetDependency section */
		B25D3B5A23D4637E008E16D7 /* PBXTargetDependency */ = {
			isa = PBXTargetDependency;
			target = B25D3B4123D46379008E16D7 /* newrecycle */;
			targetProxy = B25D3B5923D4637E008E16D7 /* PBXContainerItemProxy */;
		};
		B25D3B6523D4637E008E16D7 /* PBXTargetDependency */ = {
			isa = PBXTargetDependency;
			target = B25D3B4123D46379008E16D7 /* newrecycle */;
			targetProxy = B25D3B6423D4637E008E16D7 /* PBXContainerItemProxy */;
		};
/* End PBXTargetDependency section */

/* Begin PBXVariantGroup section */
		B25D3B4B23D46379008E16D7 /* Main.storyboard */ = {
			isa = PBXVariantGroup;
			children = (
				B25D3B4C23D46379008E16D7 /* Base */,
			);
			name = Main.storyboard;
			sourceTree = "<group>";
		};
		B25D3B5023D4637D008E16D7 /* LaunchScreen.storyboard */ = {
			isa = PBXVariantGroup;
			children = (
				B25D3B5123D4637D008E16D7 /* Base */,
			);
			name = LaunchScreen.storyboard;
			sourceTree = "<group>";
		};
/* End PBXVariantGroup section */

/* Begin XCBuildConfiguration section */
		B25D3B6A23D4637E008E16D7 /* Debug */ = {
			isa = XCBuildConfiguration;
			buildSettings = {
				ALWAYS_SEARCH_USER_PATHS = NO;
				CLANG_ANALYZER_NONNULL = YES;
				CLANG_ANALYZER_NUMBER_OBJECT_CONVERSION = YES_AGGRESSIVE;
				CLANG_CXX_LANGUAGE_STANDARD = "gnu++14";
				CLANG_CXX_LIBRARY = "libc++";
				CLANG_ENABLE_MODULES = YES;
				CLANG_ENABLE_OBJC_ARC = YES;
				CLANG_ENABLE_OBJC_WEAK = YES;
				CLANG_WARN_BLOCK_CAPTURE_AUTORELEASING = YES;
				CLANG_WARN_BOOL_CONVERSION = YES;
				CLANG_WARN_COMMA = YES;
				CLANG_WARN_CONSTANT_CONVERSION = YES;
				CLANG_WARN_DEPRECATED_OBJC_IMPLEMENTATIONS = YES;
				CLANG_WARN_DIRECT_OBJC_ISA_USAGE = YES_ERROR;
				CLANG_WARN_DOCUMENTATION_COMMENTS = YES;
				CLANG_WARN_EMPTY_BODY = YES;
				CLANG_WARN_ENUM_CONVERSION = YES;
				CLANG_WARN_INFINITE_RECURSION = YES;
				CLANG_WARN_INT_CONVERSION = YES;
				CLANG_WARN_NON_LITERAL_NULL_CONVERSION = YES;
				CLANG_WARN_OBJC_IMPLICIT_RETAIN_SELF = YES;
				CLANG_WARN_OBJC_LITERAL_CONVERSION = YES;
				CLANG_WARN_OBJC_ROOT_CLASS = YES_ERROR;
				CLANG_WARN_RANGE_LOOP_ANALYSIS = YES;
				CLANG_WARN_STRICT_PROTOTYPES = YES;
				CLANG_WARN_SUSPICIOUS_MOVE = YES;
				CLANG_WARN_UNGUARDED_AVAILABILITY = YES_AGGRESSIVE;
				CLANG_WARN_UNREACHABLE_CODE = YES;
				CLANG_WARN__DUPLICATE_METHOD_MATCH = YES;
				COPY_PHASE_STRIP = NO;
				DEBUG_INFORMATION_FORMAT = dwarf;
				ENABLE_STRICT_OBJC_MSGSEND = YES;
				ENABLE_TESTABILITY = YES;
				GCC_C_LANGUAGE_STANDARD = gnu11;
				GCC_DYNAMIC_NO_PIC = NO;
				GCC_NO_COMMON_BLOCKS = YES;
				GCC_OPTIMIZATION_LEVEL = 0;
				GCC_PREPROCESSOR_DEFINITIONS = (
					"DEBUG=1",
					"$(inherited)",
				);
				GCC_WARN_64_TO_32_BIT_CONVERSION = YES;
				GCC_WARN_ABOUT_RETURN_TYPE = YES_ERROR;
				GCC_WARN_UNDECLARED_SELECTOR = YES;
				GCC_WARN_UNINITIALIZED_AUTOS = YES_AGGRESSIVE;
				GCC_WARN_UNUSED_FUNCTION = YES;
				GCC_WARN_UNUSED_VARIABLE = YES;
				IPHONEOS_DEPLOYMENT_TARGET = 13.2;
				MTL_ENABLE_DEBUG_INFO = INCLUDE_SOURCE;
				MTL_FAST_MATH = YES;
				ONLY_ACTIVE_ARCH = YES;
				SDKROOT = iphoneos;
				SWIFT_ACTIVE_COMPILATION_CONDITIONS = DEBUG;
				SWIFT_OPTIMIZATION_LEVEL = "-Onone";
			};
			name = Debug;
		};
		B25D3B6B23D4637E008E16D7 /* Release */ = {
			isa = XCBuildConfiguration;
			buildSettings = {
				ALWAYS_SEARCH_USER_PATHS = NO;
				CLANG_ANALYZER_NONNULL = YES;
				CLANG_ANALYZER_NUMBER_OBJECT_CONVERSION = YES_AGGRESSIVE;
				CLANG_CXX_LANGUAGE_STANDARD = "gnu++14";
				CLANG_CXX_LIBRARY = "libc++";
				CLANG_ENABLE_MODULES = YES;
				CLANG_ENABLE_OBJC_ARC = YES;
				CLANG_ENABLE_OBJC_WEAK = YES;
				CLANG_WARN_BLOCK_CAPTURE_AUTORELEASING = YES;
				CLANG_WARN_BOOL_CONVERSION = YES;
				CLANG_WARN_COMMA = YES;
				CLANG_WARN_CONSTANT_CONVERSION = YES;
				CLANG_WARN_DEPRECATED_OBJC_IMPLEMENTATIONS = YES;
				CLANG_WARN_DIRECT_OBJC_ISA_USAGE = YES_ERROR;
				CLANG_WARN_DOCUMENTATION_COMMENTS = YES;
				CLANG_WARN_EMPTY_BODY = YES;
				CLANG_WARN_ENUM_CONVERSION = YES;
				CLANG_WARN_INFINITE_RECURSION = YES;
				CLANG_WARN_INT_CONVERSION = YES;
				CLANG_WARN_NON_LITERAL_NULL_CONVERSION = YES;
				CLANG_WARN_OBJC_IMPLICIT_RETAIN_SELF = YES;
				CLANG_WARN_OBJC_LITERAL_CONVERSION = YES;
				CLANG_WARN_OBJC_ROOT_CLASS = YES_ERROR;
				CLANG_WARN_RANGE_LOOP_ANALYSIS = YES;
				CLANG_WARN_STRICT_PROTOTYPES = YES;
				CLANG_WARN_SUSPICIOUS_MOVE = YES;
				CLANG_WARN_UNGUARDED_AVAILABILITY = YES_AGGRESSIVE;
				CLANG_WARN_UNREACHABLE_CODE = YES;
				CLANG_WARN__DUPLICATE_METHOD_MATCH = YES;
				COPY_PHASE_STRIP = NO;
				DEBUG_INFORMATION_FORMAT = "dwarf-with-dsym";
				ENABLE_NS_ASSERTIONS = NO;
				ENABLE_STRICT_OBJC_MSGSEND = YES;
				GCC_C_LANGUAGE_STANDARD = gnu11;
				GCC_NO_COMMON_BLOCKS = YES;
				GCC_WARN_64_TO_32_BIT_CONVERSION = YES;
				GCC_WARN_ABOUT_RETURN_TYPE = YES_ERROR;
				GCC_WARN_UNDECLARED_SELECTOR = YES;
				GCC_WARN_UNINITIALIZED_AUTOS = YES_AGGRESSIVE;
				GCC_WARN_UNUSED_FUNCTION = YES;
				GCC_WARN_UNUSED_VARIABLE = YES;
				IPHONEOS_DEPLOYMENT_TARGET = 13.2;
				MTL_ENABLE_DEBUG_INFO = NO;
				MTL_FAST_MATH = YES;
				SDKROOT = iphoneos;
				SWIFT_COMPILATION_MODE = wholemodule;
				SWIFT_OPTIMIZATION_LEVEL = "-O";
				VALIDATE_PRODUCT = YES;
			};
			name = Release;
		};
		B25D3B6D23D4637E008E16D7 /* Debug */ = {
			isa = XCBuildConfiguration;
			buildSettings = {
				ASSETCATALOG_COMPILER_APPICON_NAME = AppIcon;
				CODE_SIGN_STYLE = Automatic;
				INFOPLIST_FILE = newrecycle/Info.plist;
				LD_RUNPATH_SEARCH_PATHS = (
					"$(inherited)",
					"@executable_path/Frameworks",
				);
				PRODUCT_BUNDLE_IDENTIFIER = com.hackcambridge.newrecycle;
				PRODUCT_NAME = "$(TARGET_NAME)";
				SWIFT_VERSION = 5.0;
				TARGETED_DEVICE_FAMILY = "1,2";
			};
			name = Debug;
		};
		B25D3B6E23D4637E008E16D7 /* Release */ = {
			isa = XCBuildConfiguration;
			buildSettings = {
				ASSETCATALOG_COMPILER_APPICON_NAME = AppIcon;
				CODE_SIGN_STYLE = Automatic;
				INFOPLIST_FILE = newrecycle/Info.plist;
				LD_RUNPATH_SEARCH_PATHS = (
					"$(inherited)",
					"@executable_path/Frameworks",
				);
				PRODUCT_BUNDLE_IDENTIFIER = com.hackcambridge.newrecycle;
				PRODUCT_NAME = "$(TARGET_NAME)";
				SWIFT_VERSION = 5.0;
				TARGETED_DEVICE_FAMILY = "1,2";
			};
			name = Release;
		};
		B25D3B7023D4637E008E16D7 /* Debug */ = {
			isa = XCBuildConfiguration;
			buildSettings = {
				ALWAYS_EMBED_SWIFT_STANDARD_LIBRARIES = YES;
				BUNDLE_LOADER = "$(TEST_HOST)";
				CODE_SIGN_STYLE = Automatic;
				INFOPLIST_FILE = newrecycleTests/Info.plist;
				IPHONEOS_DEPLOYMENT_TARGET = 13.2;
				LD_RUNPATH_SEARCH_PATHS = (
					"$(inherited)",
					"@executable_path/Frameworks",
					"@loader_path/Frameworks",
				);
				PRODUCT_BUNDLE_IDENTIFIER = com.hackcambridge.newrecycleTests;
				PRODUCT_NAME = "$(TARGET_NAME)";
				SWIFT_VERSION = 5.0;
				TARGETED_DEVICE_FAMILY = "1,2";
				TEST_HOST = "$(BUILT_PRODUCTS_DIR)/newrecycle.app/newrecycle";
			};
			name = Debug;
		};
		B25D3B7123D4637E008E16D7 /* Release */ = {
			isa = XCBuildConfiguration;
			buildSettings = {
				ALWAYS_EMBED_SWIFT_STANDARD_LIBRARIES = YES;
				BUNDLE_LOADER = "$(TEST_HOST)";
				CODE_SIGN_STYLE = Automatic;
				INFOPLIST_FILE = newrecycleTests/Info.plist;
				IPHONEOS_DEPLOYMENT_TARGET = 13.2;
				LD_RUNPATH_SEARCH_PATHS = (
					"$(inherited)",
					"@executable_path/Frameworks",
					"@loader_path/Frameworks",
				);
				PRODUCT_BUNDLE_IDENTIFIER = com.hackcambridge.newrecycleTests;
				PRODUCT_NAME = "$(TARGET_NAME)";
				SWIFT_VERSION = 5.0;
				TARGETED_DEVICE_FAMILY = "1,2";
				TEST_HOST = "$(BUILT_PRODUCTS_DIR)/newrecycle.app/newrecycle";
			};
			name = Release;
		};
		B25D3B7323D4637E008E16D7 /* Debug */ = {
			isa = XCBuildConfiguration;
			buildSettings = {
				ALWAYS_EMBED_SWIFT_STANDARD_LIBRARIES = YES;
				CODE_SIGN_STYLE = Automatic;
				INFOPLIST_FILE = newrecycleUITests/Info.plist;
				LD_RUNPATH_SEARCH_PATHS = (
					"$(inherited)",
					"@executable_path/Frameworks",
					"@loader_path/Frameworks",
				);
				PRODUCT_BUNDLE_IDENTIFIER = com.hackcambridge.newrecycleUITests;
				PRODUCT_NAME = "$(TARGET_NAME)";
				SWIFT_VERSION = 5.0;
				TARGETED_DEVICE_FAMILY = "1,2";
				TEST_TARGET_NAME = newrecycle;
			};
			name = Debug;
		};
		B25D3B7423D4637E008E16D7 /* Release */ = {
			isa = XCBuildConfiguration;
			buildSettings = {
				ALWAYS_EMBED_SWIFT_STANDARD_LIBRARIES = YES;
				CODE_SIGN_STYLE = Automatic;
				INFOPLIST_FILE = newrecycleUITests/Info.plist;
				LD_RUNPATH_SEARCH_PATHS = (
					"$(inherited)",
					"@executable_path/Frameworks",
					"@loader_path/Frameworks",
				);
				PRODUCT_BUNDLE_IDENTIFIER = com.hackcambridge.newrecycleUITests;
				PRODUCT_NAME = "$(TARGET_NAME)";
				SWIFT_VERSION = 5.0;
				TARGETED_DEVICE_FAMILY = "1,2";
				TEST_TARGET_NAME = newrecycle;
			};
			name = Release;
		};
/* End XCBuildConfiguration section */

/* Begin XCConfigurationList section */
		B25D3B3D23D46379008E16D7 /* Build configuration list for PBXProject "newrecycle" */ = {
			isa = XCConfigurationList;
			buildConfigurations = (
				B25D3B6A23D4637E008E16D7 /* Debug */,
				B25D3B6B23D4637E008E16D7 /* Release */,
			);
			defaultConfigurationIsVisible = 0;
			defaultConfigurationName = Release;
		};
		B25D3B6C23D4637E008E16D7 /* Build configuration list for PBXNativeTarget "newrecycle" */ = {
			isa = XCConfigurationList;
			buildConfigurations = (
				B25D3B6D23D4637E008E16D7 /* Debug */,
				B25D3B6E23D4637E008E16D7 /* Release */,
			);
			defaultConfigurationIsVisible = 0;
			defaultConfigurationName = Release;
		};
		B25D3B6F23D4637E008E16D7 /* Build configuration list for PBXNativeTarget "newrecycleTests" */ = {
			isa = XCConfigurationList;
			buildConfigurations = (
				B25D3B7023D4637E008E16D7 /* Debug */,
				B25D3B7123D4637E008E16D7 /* Release */,
			);
			defaultConfigurationIsVisible = 0;
			defaultConfigurationName = Release;
		};
		B25D3B7223D4637E008E16D7 /* Build configuration list for PBXNativeTarget "newrecycleUITests" */ = {
			isa = XCConfigurationList;
			buildConfigurations = (
				B25D3B7323D4637E008E16D7 /* Debug */,
				B25D3B7423D4637E008E16D7 /* Release */,
			);
			defaultConfigurationIsVisible = 0;
			defaultConfigurationName = Release;
		};
/* End XCConfigurationList section */
	};
	rootObject = B25D3B3A23D46379008E16D7 /* Project object */;
}
